
Microsoft Visual Studio Solution File, Format Version 12.00
# Visual Studio Version 16
VisualStudioVersion = 16.0.31129.286
MinimumVisualStudioVersion = 10.0.40219.1
Project("{FAE04EC0-301F-11D3-BF4B-00C04F79EFBC}") = "SmokeFree.Android", "SmokeFree.Android\SmokeFree.Android.csproj", "{4E7E3DF1-39EB-480C-AB73-65055756DFFB}"
EndProject
Project("{9A19103F-16F7-4668-BE54-9A1E7A4F7556}") = "SmokeFree", "SmokeFree\SmokeFree.csproj", "{64E96CA2-1EA1-4506-B786-854A20B00BC1}"
EndProject
Project("{2150E333-8FDC-42A3-9474-1A3956D46DE8}") = "Shered", "Shered", "{93A96DB4-5C17-4B7F-86EF-2967874D9316}"
EndProject
Project("{2150E333-8FDC-42A3-9474-1A3956D46DE8}") = "Targets", "Targets", "{50C2E96F-EAB4-4C55-AB19-61DF830CDF1C}"
EndProject
Project("{2150E333-8FDC-42A3-9474-1A3956D46DE8}") = "Solution Items", "Solution Items", "{F7528BF7-5672-4C2F-8227-649B152DC6CB}"
	ProjectSection(SolutionItems) = preProject
		..\README.md = ..\README.md
	EndProjectSection
EndProject
Project("{2150E333-8FDC-42A3-9474-1A3956D46DE8}") = "Tests", "Tests", "{DB14772A-472D-4588-90AD-4E6D795A9B71}"
EndProject
Project("{2150E333-8FDC-42A3-9474-1A3956D46DE8}") = "UnitTests", "UnitTests", "{70D11D63-38C4-4876-86E6-EFEF81CD1D75}"
EndProject
Project("{9A19103F-16F7-4668-BE54-9A1E7A4F7556}") = "OnBoardingViewModelTests.UnitTests", "tests\unitTests\OnBoardingViewModel.UnitTests\OnBoardingViewModelTests.UnitTests.csproj", "{42DB806F-8B1A-45C6-B176-F3F4763C550B}"
EndProject
Project("{9A19103F-16F7-4668-BE54-9A1E7A4F7556}") = "CreateTestViewModelTests.UnitTests", "tests\unitTests\CreateTestViewModelTests.UnitTests\CreateTestViewModelTests.UnitTests.csproj", "{79F7AC9E-5B9B-47C5-9D4F-D1D2C187D00C}"
EndProject
Project("{FAE04EC0-301F-11D3-BF4B-00C04F79EFBC}") = "UnderTestViewModelTests.UnitTests", "tests\unitTests\UnderTestViewModelTests.UnitTests\UnderTestViewModelTests.UnitTests.csproj", "{3694F4E1-2304-4178-8F42-1FDD720F18CB}"
EndProject
Global
	GlobalSection(SolutionConfigurationPlatforms) = preSolution
		Debug|Any CPU = Debug|Any CPU
		Release|Any CPU = Release|Any CPU
	EndGlobalSection
	GlobalSection(ProjectConfigurationPlatforms) = postSolution
		{4E7E3DF1-39EB-480C-AB73-65055756DFFB}.Debug|Any CPU.ActiveCfg = Debug|Any CPU
		{4E7E3DF1-39EB-480C-AB73-65055756DFFB}.Debug|Any CPU.Build.0 = Debug|Any CPU
		{4E7E3DF1-39EB-480C-AB73-65055756DFFB}.Debug|Any CPU.Deploy.0 = Debug|Any CPU
		{4E7E3DF1-39EB-480C-AB73-65055756DFFB}.Release|Any CPU.ActiveCfg = Release|Any CPU
		{4E7E3DF1-39EB-480C-AB73-65055756DFFB}.Release|Any CPU.Build.0 = Release|Any CPU
		{4E7E3DF1-39EB-480C-AB73-65055756DFFB}.Release|Any CPU.Deploy.0 = Release|Any CPU
		{64E96CA2-1EA1-4506-B786-854A20B00BC1}.Debug|Any CPU.ActiveCfg = Debug|Any CPU
		{64E96CA2-1EA1-4506-B786-854A20B00BC1}.Debug|Any CPU.Build.0 = Debug|Any CPU
		{64E96CA2-1EA1-4506-B786-854A20B00BC1}.Debug|Any CPU.Deploy.0 = Debug|Any CPU
		{64E96CA2-1EA1-4506-B786-854A20B00BC1}.Release|Any CPU.ActiveCfg = Release|Any CPU
		{64E96CA2-1EA1-4506-B786-854A20B00BC1}.Release|Any CPU.Build.0 = Release|Any CPU
		{64E96CA2-1EA1-4506-B786-854A20B00BC1}.Release|Any CPU.Deploy.0 = Release|Any CPU
		{42DB806F-8B1A-45C6-B176-F3F4763C550B}.Debug|Any CPU.ActiveCfg = Debug|Any CPU
		{42DB806F-8B1A-45C6-B176-F3F4763C550B}.Debug|Any CPU.Build.0 = Debug|Any CPU
		{42DB806F-8B1A-45C6-B176-F3F4763C550B}.Release|Any CPU.ActiveCfg = Release|Any CPU
		{42DB806F-8B1A-45C6-B176-F3F4763C550B}.Release|Any CPU.Build.0 = Release|Any CPU
		{79F7AC9E-5B9B-47C5-9D4F-D1D2C187D00C}.Debug|Any CPU.ActiveCfg = Debug|Any CPU
		{79F7AC9E-5B9B-47C5-9D4F-D1D2C187D00C}.Debug|Any CPU.Build.0 = Debug|Any CPU
		{79F7AC9E-5B9B-47C5-9D4F-D1D2C187D00C}.Release|Any CPU.ActiveCfg = Release|Any CPU
		{79F7AC9E-5B9B-47C5-9D4F-D1D2C187D00C}.Release|Any CPU.Build.0 = Release|Any CPU
		{3694F4E1-2304-4178-8F42-1FDD720F18CB}.Debug|Any CPU.ActiveCfg = Debug|Any CPU
		{3694F4E1-2304-4178-8F42-1FDD720F18CB}.Debug|Any CPU.Build.0 = Debug|Any CPU
		{3694F4E1-2304-4178-8F42-1FDD720F18CB}.Release|Any CPU.ActiveCfg = Release|Any CPU
		{3694F4E1-2304-4178-8F42-1FDD720F18CB}.Release|Any CPU.Build.0 = Release|Any CPU
	EndGlobalSection
	GlobalSection(SolutionProperties) = preSolution
		HideSolutionNode = FALSE
	EndGlobalSection
	GlobalSection(NestedProjects) = preSolution
		{4E7E3DF1-39EB-480C-AB73-65055756DFFB} = {50C2E96F-EAB4-4C55-AB19-61DF830CDF1C}
		{64E96CA2-1EA1-4506-B786-854A20B00BC1} = {93A96DB4-5C17-4B7F-86EF-2967874D9316}
		{70D11D63-38C4-4876-86E6-EFEF81CD1D75} = {DB14772A-472D-4588-90AD-4E6D795A9B71}
		{42DB806F-8B1A-45C6-B176-F3F4763C550B} = {70D11D63-38C4-4876-86E6-EFEF81CD1D75}
		{79F7AC9E-5B9B-47C5-9D4F-D1D2C187D00C} = {70D11D63-38C4-4876-86E6-EFEF81CD1D75}
		{3694F4E1-2304-4178-8F42-1FDD720F18CB} = {70D11D63-38C4-4876-86E6-EFEF81CD1D75}
	EndGlobalSection
	GlobalSection(ExtensibilityGlobals) = postSolution
		SolutionGuid = {0E4387F0-AC70-4802-ACEA-3D866152DF84}
	EndGlobalSection
EndGlobal
